https://www.google.com/search?q=cloud.google.com/go v0.26.0/go.mod h1:aQUYkXzVsB6ychoPSIXsVBFSHJzPzpoM3DJ20wBv2Qc=
https://www.google.com/search?q=github.com/Azure/go-autorest v14.2.0+incompatible/go.mod h1:Asi63J+m25bmnr23Q2g9cW5+IVh3UIvAr4dQ822DtpQ=
https://www.google.com/search?q=github.com/Azure/go-autorest/autorest v0.11.28/go.mod h1:16NM4pr79y29vjI0qQ9s2c/pTqClDdjW2WXrqlpS6iA=
https://www.google.com/search?q=github.com/Azure/go-autorest/autorest/adal v0.9.22/go.mod h1:aF2MNmWXY1/TMz1T8P1k7TjJ45B6B4k30/kR0D3GkP0=
https://www.google.com/search?q=github.com/Azure/go-autorest/autorest/date v0.3.0/go.mod h1:vN/xI8hC39w/yN1z+bVO03H+wzD1xCEp+nI83E1s92E=
https://www.google.com/search?q=github.com/Azure/go-autorest/autorest/mocks v0.4.2/go.mod h1:m62CplO8O0BqM1eA9Bs1mY2JtN/E2HBLS6TfM8G4T/U=
https://www.google.com/search?q=github.com/Azure/go-autorest/autorest/to v0.4.0/go.mod h1:jZEG/n1SYV2nQo1+FpWp2QYAZl2v247jZfP6S+mN/+Q=
https://www.google.com/search?q=github.com/Azure/go-autorest/autorest/validation v0.3.1/go.mod h1:qg6K1W7Jb8p0sP4JbavP2T6g9wFpxiW1y03lVgS21wA=
https://www.google.com/search?q=github.com/Azure/go-autorest/logger v0.2.1/go.mod h1:9tGpfk1jSpiDkI6n0FumcT/kGq8f8/L8o+h1j1Yu1zM=
https://www.google.com/search?q=github.com/Azure/go-autorest/tracing v0.6.0/go.mod h1:w+0fU2pc/hE6LXPv4aQcWpWn2ySmf8mCfkK/Mv2qTMc=
https://www.google.com/search?q=github.com/beorn7/perks v1.0.1 h1:VAGv40iH2D22bVvlM4wft8vIEXLq0TNEw+64RGz2/1s=
https://www.google.com/search?q=github.com/beorn7/perks v1.0.1/go.mod h1:Gf3SMwLsrOf2Vscv4cD/8eKjA/52E2Ik66I92h62YRI=
https://www.google.com/search?q=github.com/cespare/xxhash/v2 v2.2.0 h1:2QWk1CC3w0m82z3a10mK6+3S0dI2h942bCXaKmt2c5w=
https://www.google.com/search?q=github.com/cespare/xxhash/v2 v2.2.0/go.mod h1:c+i4S2v7gVj9w7fxz3/J3m2bVM+sPgr2Q7zV9rPpcjU=
github.com/davecgh/go-spew v1.1.1 h1:vj9j/u1b3TjdhXf/qjEE94ahEvWxzO9KEHMCKnJui4o=
github.com/davecgh/go-spew v1.1.1/go.mod h1:J7Y8YcW2NihsgmPD1E2id5gHxMAwcHj1hZNP5HfUa44=

https://www.google.com/search?q=github.com/emicklei/go-restful/v3 v3.11.0 h1:9XyT3qOD5VAQmu2soIs3EwQd/E+7qfl1DI52i3s1vO0=
https://www.google.com/search?q=github.com/emicklei/go-restful/v3 v3.11.0/go.mod h1:4/21M/A5pQk/o/v6yXQ3q1T5asqj/m2y4KggzB8f18k=
https://www.google.com/search?q=github.com/evanphx/json-patch v5.6.0+incompatible/go.mod h1:I39ImCL621j3uL3+BMMiL8G2o2K1So/LgP8m9fQsF1Y=
https://www.google.com/search?q=github.com/evanphx/json-patch/v5 v5.8.0 h1:g2A/cWf5Lk6G5k2iK6C5vFj6zB/eQjU5093mK8i3Y4Y=
https://www.google.com/search?q=github.com/evanphx/json-patch/v5 v5.8.0/go.mod h1:2s22/tF3XJ0L0eF51/9A5gJbvf2TcFx0e2YF50wO3l4=
https://www.google.com/search?q=github.com/fsnotify/fsnotify v1.7.0 h1:h5yYKE68AS1wyiix2K22Q2I+T792VRIc4e1VqQ3VY6o=
https://www.google.com/search?q=github.com/fsnotify/fsnotify v1.7.0/go.mod h1:wFf6QpkTBqg8DTSmWn9S+24vowj7bTz1BwrZ335iK/E=
https://www.google.com/search?q=github.com/go-logr/logr v1.4.1 h1:ndHIy6wAhqRiCiLELdYmOOiGGBuE91zR12T5T3NHwRA=
https://www.google.com/search?q=github.com/go-logr/logr v1.4.1/go.mod h1:uNNozP3B6+1aogd1e2T/b2aBSJ/V43m/8tUDPe7U1F4=
github.com/go-logr/zapr v1.3.0 h1:iQ/2YI7/q3rTjpxvL2iOO/3QnOFaSAFaN+1Q+Oah6BU=
github.com/go-logr/zapr v1.3.0/go.mod h1:Y02o4v4zL81l0s1o6CExYgq/QoTnsQhSfpMhBnh3oUE=
https://www.google.com/search?q=github.com/go-openapi/jsonpointer v0.20.0 h1:vTpoeE512dAU8hXF/yJj2wZJde5d1NnE9n5/R1cOf7Y=
https://www.google.com/search?q=github.com/go-openapi/jsonpointer v0.20.0/go.mod h1:1301s9Jc1OQxzkYv6LqK2xJ6k/3H5lD4QAr4a8xYMKk=
https://www.google.com/search?q=github.com/go-openapi/jsonreference v0.20.2 h1:aFhPcXgT37FzC+n+t3tLRSkOk3t93kEBA0w+w4M9l28=
https://www.google.com/search?q=github.com/go-openapi/jsonreference v0.20.2/go.mod h1:eXnJuJNOg0p2b1n97/b0tJtTFlZ21c0b3b2C21/87o4=
https://www.google.com/search?q=github.com/go-openapi/swag v0.22.4 h1:K0LvbKchKvyvPzj+I3aP9X3rP6mJz7i/cTYmD4vE168=
https://www.google.com/search?q=github.com/go-openapi/swag v0.22.4/go.mod h1:iFP4BvCMa/vT3p/hZQyG61eMgoi5FwE2Y6d/wL28cF8=
github.com/gogo/protobuf v1.3.2 h1:tVOaVSo8bX8lS63i0so75Yes0jGGeDEmLXo2S2npS/w=
github.com/gogo/protobuf v1.3.2/go.mod h1:m23JGpD+eQj0hCrs0c3Lh/6tXv0v2K0Cq5CgQYvCCYk=
https://www.google.com/search?q=github.com/golang-jwt/jwt/v4 v4.5.0/go.mod h1:IqBf41iL4f/bUkC/zX5w4cK2P8Wc1pvK8/39gYnNSoY=
https://www.google.com/search?q=github.com/golang/groupcache v0.0.0-20210331224755-41bb18bfe9da h1:I09FhzLEbXQp2NqT7T/J/1a4947999863s3gD+289o=
https://www.google.com/search?q=github.com/golang/groupcache v0.0.0-20210331224755-41bb18bfe9da/go.mod h1:1rG0FRtQwswe7s2kI34h12iC4Ccj8s3J+8VqK3wNoi4=
github.com/golang/protobuf v1.5.3 h1:HkQWvQkBZrrck2b8fOqf1e0u5kLIOv30r/dygW/p+L4=
github.com/golang/protobuf v1.5.3/go.mod h1:LUVK2sE9ym1YgZdlAQRMUfTj74zJg/bC7Ljsf95mI2o=
https://www.google.com/search?q=github.com/google/gnostic-models v0.6.8 h1:sB/Nl8pY9zY243eI0d1t5+Q3Qo8Q2u/j4tn3C9x1k5A=
https://www.google.com/search?q=github.com/google/gnostic-models v0.6.8/go.mod h1:X1K9+i6+3f/c1Xk02FwT2eYyU/nKZ38Q4v/d4oP+J3E=
https://www.google.com/search?q=github.com/google/go-cmp v0.6.0 h1:372bY1z+jA2gC2NBvWEi4s2WFyTs5Zdd1kS02l26h+8=
https://www.google.com/search?q=github.com/google/go-cmp v0.6.0/go.mod h1:lwD5+3NIlc9T7PI3EDV/E91s/o0tG/y2jfQpwxIeY4c=
github.com/google/gofuzz v1.2.0 h1:iCeUjKCJnN2TfxjPuJ2e9J2r41G5u6P+GEYA+lJy8Tc=
github.com/google/gofuzz v1.2.0/go.mod h1:u7X8+fVDRgexnwf6K2Jsfvwt0e1R+2k1f41hYt19KTk=
github.com/google/uuid v1.4.0 h1:l1P23yA3K2f4M2flT/ai9PzCccILi+1fYi5dC5w6hOQ=
github.com/google/uuid v1.4.0/go.mod h1:AJh/OVbfIKL1+55T7fVnS3eJm7vIcU02zqFp3W31QxM=
github.com/imdario/mergo v0.3.16 h1:jL9sC0d2x47T4y2d9+1/z22mBf1qLAnWqwjV2i44Y3Q=
github.com/imdario/mergo v0.3.16/go.mod h1:Lp2s6T7j6iJ54t0pW12kCg03Qh0/sI4vYlSQqVHEaW4=
https://www.google.com/search?q=github.com/josharian/intern v1.0.0 h1:462Intern/go/mod h1:pOk1B/Jt5+yF3kZeT14/K2tKfmvPze2cPnmO55/1dso=
github.com/json-iterator/go v1.1.12 h1:qoljRaHSlbu0D3DG+W8rGQnJPAw+KjMWTuL2MRiJb/8=
github.com/json-iterator/go v1.1.12/go.mod h1:5493PUna2A/h2iSwJO6a2eSL40s2g34Y1TfA0zS4b8w=
https://www.google.com/search?q=github.com/mailru/easyjson v0.7.7 h1:uKVV922e4z/dFpAnQ0WkO42h16n2r/VAFBq/869yO7k=
https://www.google.com/search?q=github.com/mailru/easyjson v0.7.7/go.mod h1:L75lf2R0z+V7882cWJv+tQ5wMXsF2NGf/vOEE5zXkQM=
github.com/modern-go/concurrent v0.0.0-20180306012644-bacd9c7ef1dd h1:43e+zGOCb2/uJVTAm5b/qFpjsYX2F6hG/v79sYQh/oI=
github.com/modern-go/concurrent v0.0.0-20180306012644-bacd9c7ef1dd/go.mod h1:C1g3c3U2+N2b6/tD68Rj/t8D4SXVlUaHyv2EKi4/kM8=
github.com/modern-go/reflect2 v1.0.2 h1:aQZ4KGvx02G+5s19eG76oX/Ga3g+s1apc/e/vWd4Pzg=
github.com/modern-go/reflect2 v1.0.2/go.mod h1:Q1a4lJ91lFPsgz2/g3dpVLAiBw80/eCrIqLq31zLqDs=
github.com/munnerz/goautoneg v0.0.0-20191010083416-a7dc8b61c822 h1:i2kZt9b6fP/wzC+UVEo9b244TfX2tXz6m94f3k85X64=
github.com/munnerz/goautoneg v0.0.0-20191010083416-a7dc8b61c822/go.mod h1:8j+G+fT2j+z8C7D/sS1pP3XdnM04x28hM8A4bVn5i6U=
github.com/pkg/errors v0.9.1 h1:FEBLx1zS214owpjy7qsBeixbURkuhQAwrK5F2A1A0KM=
github.com/pkg/errors v0.9.1/go.mod h1:iURUrL4zxt273/93QYQYYyY/3/qD/wYv3N2XpC/k1M0=
github.com/prometheus/client_golang v1.18.0 h1:vFv6sO1P5wG7W63Gj5Gf1f1dM+3N0dQl9a/y8j9vA4I=
github.com/prometheus/client_golang v1.18.0/go.mod h1:CqVpQpB7kcF/S/7u/wSo5pLgW/S139D3jM/mRLz149E=
github.com/prometheus/client_model v0.5.0 h1:8lF0Qhz3xP3wXGjI+73h4TDBnaJgP3cq+l78s2g7r+4=
github.com/prometheus/client_model v0.5.0/go.mod h1:1c80I+XWvTg4dM/eB/p84pM2+o1s/wVohs42P1H5M+E=
github.com/prometheus/common v0.45.0 h1:K0cPq2n/vN7g5t9G7b962L3V1i2Q0yU3aO5S5hP6j2I=
github.com/prometheus/common v0.45.0/go.mod h1:g2yK01u03tqy+g3vDppw+p/e+pgg+y8jWdOaIcbmg/A=
https://www.google.com/search?q=github.com/prometheus/procfs v0.12.0 h1:q5+hB7G6Vg9o1o/lVFEUWk70OjdDLR2k9F67zSj3wA0=
https://www.google.com/search?q=github.com/prometheus/procfs v0.12.0/go.mod h1:2qP2D+1NfQqn73t05Y1oD24C10Y1Wwuc1JCVpChJz9s=
github.com/spf13/pflag v1.0.5 h1:0nLnc/E2IS2dKj8FvQdD1/T32ADsE7iSCMvREOEoIs4=
github.com/spf13/pflag v1.0.5/go.mod h1:I77A0ktTp8LS+fT/i4YQ3rq2u0Q2C1z2oP/P/1I4yYc=
go.uber.org/multierr v1.11.0 h1:P++dD5fBfA/3hFud+f4s2nSmD3/I9x+l/5f3wylwXF8=
go.uber.org/multierr v1.11.0/go.mod h1:LzXg0yKtf0l47u20t9o6Y2qQp/w1vMv+3pD4B/v3N8k=
go.uber.org/zap v1.26.0 h1:p/L+xCX9kY9Ie3i9pXg1y1gJ9Qxmmv1f4S079MDv3vI=
go.uber.org/zap v1.26.0/go.mod h1:6KxW24fC3zI5LwK6P+6xL322yUo/yV/3TqGrs8Qv47A=
golang.org/x/exp v0.0.0-20231006140011-7918f672742d h1:tXz7TjA4v4BP2+Xg2g+Y3RTqgVw2hP2Yg19Rpxs08aM=
golang.org/x/exp v0.0.0-20231006140011-7918f672742d/go.mod h1:L/s5bNxjHi6h7a5FvL/pZ4vA6p+x7cs86A5e28sU0+0=
golang.org/x/net v0.19.0 h1:iKVqg2y/+i+sIAmVmgf0Q2LNgwYvP5h5V6c89v+14c0=
golang.org/x/net v0.19.0/go.mod h1:5CSa4U+deQc+n31pU2/nOOo3t4J/2Hh6J4pT+xHxFgo=
golang.org/x/oauth2 v0.15.0 h1:Fh67V3I42e+sE5y/yKTp5c8R2xM/j/p5/w4d1MvG+5I=
golang.org/x/oauth2 v0.15.0/go.mod h1:z/u/RgrsX4jCg+3yrv1w21W640UPEQe2L59xU/e88bM=
golang.org/x/sys v0.15.0 h1:wb9go1wqc/cE2P1l/mSOr2h3/bA/yKmmOw/kC/xk/0A=
golang.org/x/sys v0.15.0/go.mod h1:O8dQLh4bTfWc9+XqLgD6b8T1KWs/11fDx2y3l8VlMGM=
golang.org/x/term v0.15.0 h1:c+9/4s8Oxfz/JdJ/+U9k3B5wN4d+FDPyN1q2kF4vo0c=
golang.org/x/term v0.15.0/go.mod h1:dOMLldG1IuNq9eL/eOS8rBwS7651iHj/WuxpTui64gI=
golang.org/x/text v0.14.0 h1:ScX5w1eTa3QqyVXV33+9K9vI42eM0ep2SAprS9S2j8Y=
golang.org/x/text v0.14.0/go.mod h1:tWx5/s/q6xevf/P8VbY+y/7/92p4b9d/T0wT2iGg2Js=
golang.org/x/time v0.5.0 h1:g+jsf28g2a2rAPpEUAWk84mzrYOWb2lPqfL+1V31zS0=
golang.org/x/time v0.5.0/go.mod h1:TdpMdgRzpxIu0k1kQo942x2hD+tPEjM+zErvE+i3NnI=
gomodules.xyz/jsonpatch/v2 v2.4.0 h1:Ua7P+R6S/U6g1h/uB3wBKf/T+0L7kUfA3gO1j+E/22I=
gomodules.xyz/jsonpatch/v2 v2.4.0/go.mod h1:q7vC8E5s7Q45iF5gHhp5kG9P93j/v9W228L/f0rA0p4=
google.golang.org/appengine v1.6.8/go.mod h1:97cAR8v5g/G/9i64u+o4ZRIzI+9A2s2rQ1fI0UuXvYg=
google.golang.org/protobuf v1.31.0 h1:FZ0Pgo1u2IA4wM3rqxIBO8c5bH+qG6Zp5Tigq2Gk9aI=
google.golang.org/protobuf v1.31.0/go.mod h1:1fG5n4cfcmx/bUwsBGmO7NlGf0uG1pRsT/WzbgcRdR4=
gopkg.in/inf.v0 v0.9.1 h1:KI1+s42p1xLa0E23M+20g2a2J2iSWGkfLh72mO0wA4Q=
gopkg.in/inf.v0 v0.9.1/go.mod h1:I+BKsNnreICf5A53O9z2W3Z771T+GNpEXGBWo3+bI3w=
gopkg.in/yaml.v2 v2.4.0 h1:D8xgwECY7SRjpYvCmS0MvI47LAf9h93aT26V4NaxYPA=
gopkg.in/yaml.v2 v2.4.0/go.mod h1:hbYJIvQ22f/xQf2a2/A6CPA2N2T2eSgBv+32DLIYpSA=
gopkg.in/yaml.v3 v3.0.1 h1:FxI0O256A/3PQhYn3YJY/RVJt8fGGEoOApJSP1Fk/No=
gopkg.in/yaml.v3 v3.0.1/go.mod h1:T/C+2w/yHAuukgO2T1+bwtL0h3bH2P3p2c4dM5r4rIw=
k8s.io/api v0.29.0 h1:iK42J5x2b6/sC3R2Fh8b00V4nsvK/DTP2aWJtL0p95U=
k8s.io/api v0.29.0/go.mod h1:pY956H8oEYXJ+59sDk/rK68SjS4dC+927tGJe+yQZQQ=
k8s.io/apiextensions-apiserver v0.29.0 h1:Q16+J4/D0sD9/55E7/d7t8g47Kx+fC8rP+vH5sL2QjQ=
k8s.io/apiextensions-apiserver v0.29.0/go.mod h1:n7VpC6UChhLwQY+b+kS5T24+NqfE5lVll69FpD/D/QY=
k8s.io/apimachinery v0.29.0 h1:jLwPjY0+K7DnPXN8cIqg85s+18T1N31jB/2X1p1q0pM=
k8s.io/apimachinery v0.29.0/go.mod h1:CgRk5V0HETwexF76Kz1jWqT7gYw/lT+f9wDahdKEE74=
k8s.io/client-go v0.29.0 h1:Cmq8fK2t7wT2xT671X67tVdG/P7fL50eY2/bUf2jJ2I=
k.io/client-go v0.29.0/go.mod h1:549i6M4S6xX8D4JzGfA5XpzxX2H0S/m44r3d8w0iTCE=
k8s.io/component-base v0.29.0 h1:0lW1Xk4rYwE+tVd0L3qH0rJ59U/k7lO62n1K3dD0TzQ=
k8s.io/component-base v0.29.0/go.mod h1:sS8OIMh1UoTfG/Y/r0mKLeWSEe3WJ3rB8o+h1d3Uo60=
k8s.io/klog/v2 v2.110.1 h1:g2r3pD+3l3d7k56L6Tj6dlr2K+4Lg/zT3fl4j1D2h5c=
k8s.io/klog/v2 v2.110.1/go.mod h1:jLh099kS/vLwIA62/J/p15o/n2o7vL39b25u0w3hUuQ=
k8s.io/kube-openapi v0.0.0-20231206174100-351ba47c7373 h1:Ww9iYkGvWqX/pWj+3S0s12239fVRnU0Gv8H0pQGz7Wc=
k8s.io/kube-openapi v0.0.0-20231206174100-351ba47c7373/go.mod h1:6L2O0C7o/S61T/2+7mYO0tq/yG4QkpYjBnt8fMvtF/Q=
k8s.io/utils v0.0.0-20230726121419-3b25d923346b h1:E+w+lEesQ0/WSp1/l4fOgg50b1mXpS4t2gT+YvYx5vU=
k8s.io/utils v0.0.0-20230726121419-3b25d923346b/go.mod h1:Rk7w/hHAd3I/O3aM6GkKx3iV317E3j4k9t4s2iWb+OQ=
sigs.k8s.io/controller-runtime v0.17.0 h1:8h5jD1H+78TChjI4oT0x41f387avW26F5kK4rI865sQ=
sigs.k8s.io/controller-runtime v0.17.0/go.mod h1:XG19P+l9QyQdYfF8P7UvA9yUp958O0/oPB5q6mN1rXU=
sigs.k8s.io/json v0.0.0-20221116044647-bc3834ca7abd h1:pbbYhBRCSa2Eyy7bwb3L3wD4QDVfDB3GDSj4rD0d5kQ=
sigs.k8s.io/json v0.0.0-20221116044647-bc3834ca7abd/go.mod h1:r+29vfWz+2O+e1v2oN8/lA7j9qY8L/n/KHe0h284aDk=
sigs.k8s.io/structured-merge-diff/v4 v4.4.1 h1:yU3bXyK+dQfl9BvKll+QNwUEe4e3K5A5vJbSMgAs+wA=
sigs.k8s.io/structured-merge-diff/v4 v4.4.1/go.mod h1:7hL9jE6f3yYwO+S4QcPOt+f6G8I38oUuKzXfG22o/C4=
sigs.k8s.io/yaml v1.4.0 h1:ilP/zbh7p3b++v8l42eHqg+ljpYm0xS1mF/w1D7+n/o=
sigs.k8s.io/yaml v1.4.0/go.mod h1:lP02d/zVJG06JzYx0TMa1f9sUv/Y/QYInyi/M1sIuLw=